dependencies:
- name: common
  repository: oci://registry-1.docker.io/cloudpirates
  version: 2.2.0
- name: valkey
  repository: oci://registry-1.docker.io/cloudpirates
  version: 0.17.0
digest: sha256:8bd9abb2e2779a948a133a67c05ddecdb0a3b365fce489acd09a9ca7e6e0a8af
generated: "2026-02-16T17:32:25.559231836Z"
